
Microsoft Visual Studio Solution File, Format Version 12.00
# Visual Studio Version 17
VisualStudioVersion = 17.8.34408.163
MinimumVisualStudioVersion = 10.0.40219.1
Project("{8BC9CEB8-8B4A-11D0-8D11-00A0C91BC942}") = "Car_Bluetooth_Control_1.0", "Car_Bluetooth_Control_1.0\Car_Bluetooth_Control_1.0.vcxproj", "{412B1B55-3B61-4A7B-BE1A-F9CCBC4B957E}"
EndProject
Global
	GlobalSection(SolutionConfigurationPlatforms) = preSolution
		Debug|x64 = Debug|x64
		Debug|x86 = Debug|x86
		Release|x64 = Release|x64
		Release|x86 = Release|x86
	EndGlobalSection
	GlobalSection(ProjectConfigurationPlatforms) = postSolution
		{412B1B55-3B61-4A7B-BE1A-F9CCBC4B957E}.Debug|x64.ActiveCfg = Debug|x64
		{412B1B55-3B61-4A7B-BE1A-F9CCBC4B957E}.Debug|x64.Build.0 = Debug|x64
		{412B1B55-3B61-4A7B-BE1A-F9CCBC4B957E}.Debug|x86.ActiveCfg = Debug|Win32
		{412B1B55-3B61-4A7B-BE1A-F9CCBC4B957E}.Debug|x86.Build.0 = Debug|Win32
		{412B1B55-3B61-4A7B-BE1A-F9CCBC4B957E}.Release|x64.ActiveCfg = Release|x64
		{412B1B55-3B61-4A7B-BE1A-F9CCBC4B957E}.Release|x64.Build.0 = Release|x64
		{412B1B55-3B61-4A7B-BE1A-F9CCBC4B957E}.Release|x86.ActiveCfg = Release|Win32
		{412B1B55-3B61-4A7B-BE1A-F9CCBC4B957E}.Release|x86.Build.0 = Release|Win32
	EndGlobalSection
	GlobalSection(SolutionProperties) = preSolution
		HideSolutionNode = FALSE
	EndGlobalSection
	GlobalSection(ExtensibilityGlobals) = postSolution
		SolutionGuid = {94AD7A6F-52D0-4A46-8019-0B99C8FFF40D}
	EndGlobalSection
EndGlobal
